
Microsoft Visual Studio Solution File, Format Version 12.00
# Visual Studio 15
VisualStudioVersion = 15.0.26124.0
MinimumVisualStudioVersion = 15.0.26124.0
Project("{FAE04EC0-301F-11D3-BF4B-00C04F79EFBC}") = "Element Search Console App", "Element Search Console App\Element Search Console App.csproj", "{BFADD043-ADE4-46DE-ACC1-04E752C5D310}"
EndProject
Project("{FAE04EC0-301F-11D3-BF4B-00C04F79EFBC}") = "Element Search Library", "Element Search Library\Element Search Library.csproj", "{19BB80BF-A2DF-45B0-887D-27F6C07DF762}"
EndProject
Global
	GlobalSection(SolutionConfigurationPlatforms) = preSolution
		Debug|Any CPU = Debug|Any CPU
		Debug|x64 = Debug|x64
		Debug|x86 = Debug|x86
		Release|Any CPU = Release|Any CPU
		Release|x64 = Release|x64
		Release|x86 = Release|x86
	EndGlobalSection
	GlobalSection(SolutionProperties) = preSolution
		HideSolutionNode = FALSE
	EndGlobalSection
	GlobalSection(ProjectConfigurationPlatforms) = postSolution
		{BFADD043-ADE4-46DE-ACC1-04E752C5D310}.Debug|Any CPU.ActiveCfg = Debug|Any CPU
		{BFADD043-ADE4-46DE-ACC1-04E752C5D310}.Debug|Any CPU.Build.0 = Debug|Any CPU
		{BFADD043-ADE4-46DE-ACC1-04E752C5D310}.Debug|x64.ActiveCfg = Debug|Any CPU
		{BFADD043-ADE4-46DE-ACC1-04E752C5D310}.Debug|x64.Build.0 = Debug|Any CPU
		{BFADD043-ADE4-46DE-ACC1-04E752C5D310}.Debug|x86.ActiveCfg = Debug|Any CPU
		{BFADD043-ADE4-46DE-ACC1-04E752C5D310}.Debug|x86.Build.0 = Debug|Any CPU
		{BFADD043-ADE4-46DE-ACC1-04E752C5D310}.Release|Any CPU.ActiveCfg = Release|Any CPU
		{BFADD043-ADE4-46DE-ACC1-04E752C5D310}.Release|Any CPU.Build.0 = Release|Any CPU
		{BFADD043-ADE4-46DE-ACC1-04E752C5D310}.Release|x64.ActiveCfg = Release|Any CPU
		{BFADD043-ADE4-46DE-ACC1-04E752C5D310}.Release|x64.Build.0 = Release|Any CPU
		{BFADD043-ADE4-46DE-ACC1-04E752C5D310}.Release|x86.ActiveCfg = Release|Any CPU
		{BFADD043-ADE4-46DE-ACC1-04E752C5D310}.Release|x86.Build.0 = Release|Any CPU
		{19BB80BF-A2DF-45B0-887D-27F6C07DF762}.Debug|Any CPU.ActiveCfg = Debug|Any CPU
		{19BB80BF-A2DF-45B0-887D-27F6C07DF762}.Debug|Any CPU.Build.0 = Debug|Any CPU
		{19BB80BF-A2DF-45B0-887D-27F6C07DF762}.Debug|x64.ActiveCfg = Debug|Any CPU
		{19BB80BF-A2DF-45B0-887D-27F6C07DF762}.Debug|x64.Build.0 = Debug|Any CPU
		{19BB80BF-A2DF-45B0-887D-27F6C07DF762}.Debug|x86.ActiveCfg = Debug|Any CPU
		{19BB80BF-A2DF-45B0-887D-27F6C07DF762}.Debug|x86.Build.0 = Debug|Any CPU
		{19BB80BF-A2DF-45B0-887D-27F6C07DF762}.Release|Any CPU.ActiveCfg = Release|Any CPU
		{19BB80BF-A2DF-45B0-887D-27F6C07DF762}.Release|Any CPU.Build.0 = Release|Any CPU
		{19BB80BF-A2DF-45B0-887D-27F6C07DF762}.Release|x64.ActiveCfg = Release|Any CPU
		{19BB80BF-A2DF-45B0-887D-27F6C07DF762}.Release|x64.Build.0 = Release|Any CPU
		{19BB80BF-A2DF-45B0-887D-27F6C07DF762}.Release|x86.ActiveCfg = Release|Any CPU
		{19BB80BF-A2DF-45B0-887D-27F6C07DF762}.Release|x86.Build.0 = Release|Any CPU
	EndGlobalSection
EndGlobal
